
Microsoft Visual Studio Solution File, Format Version 12.00
# Visual Studio Version 16
VisualStudioVersion = 16.0.29613.14
MinimumVisualStudioVersion = 10.0.40219.1
Project("{FAE04EC0-301F-11D3-BF4B-00C04F79EFBC}") = "AlgoDrawUwp", "AlgoDrawUwp\AlgoDrawUwp.csproj", "{19476B23-DA84-4003-A105-15460CBBA94E}"
EndProject
Global
	GlobalSection(SolutionConfigurationPlatforms) = preSolution
		Debug|ARM = Debug|ARM
		Debug|ARM64 = Debug|ARM64
		Debug|x64 = Debug|x64
		Debug|x86 = Debug|x86
		Release|ARM = Release|ARM
		Release|ARM64 = Release|ARM64
		Release|x64 = Release|x64
		Release|x86 = Release|x86
	EndGlobalSection
	GlobalSection(ProjectConfigurationPlatforms) = postSolution
		{19476B23-DA84-4003-A105-15460CBBA94E}.Debug|ARM.ActiveCfg = Debug|ARM
		{19476B23-DA84-4003-A105-15460CBBA94E}.Debug|ARM.Build.0 = Debug|ARM
		{19476B23-DA84-4003-A105-15460CBBA94E}.Debug|ARM.Deploy.0 = Debug|ARM
		{19476B23-DA84-4003-A105-15460CBBA94E}.Debug|ARM64.ActiveCfg = Debug|ARM64
		{19476B23-DA84-4003-A105-15460CBBA94E}.Debug|ARM64.Build.0 = Debug|ARM64
		{19476B23-DA84-4003-A105-15460CBBA94E}.Debug|ARM64.Deploy.0 = Debug|ARM64
		{19476B23-DA84-4003-A105-15460CBBA94E}.Debug|x64.ActiveCfg = Debug|x64
		{19476B23-DA84-4003-A105-15460CBBA94E}.Debug|x64.Build.0 = Debug|x64
		{19476B23-DA84-4003-A105-15460CBBA94E}.Debug|x64.Deploy.0 = Debug|x64
		{19476B23-DA84-4003-A105-15460CBBA94E}.Debug|x86.ActiveCfg = Debug|x86
		{19476B23-DA84-4003-A105-15460CBBA94E}.Debug|x86.Build.0 = Debug|x86
		{19476B23-DA84-4003-A105-15460CBBA94E}.Debug|x86.Deploy.0 = Debug|x86
		{19476B23-DA84-4003-A105-15460CBBA94E}.Release|ARM.ActiveCfg = Release|ARM
		{19476B23-DA84-4003-A105-15460CBBA94E}.Release|ARM.Build.0 = Release|ARM
		{19476B23-DA84-4003-A105-15460CBBA94E}.Release|ARM.Deploy.0 = Release|ARM
		{19476B23-DA84-4003-A105-15460CBBA94E}.Release|ARM64.ActiveCfg = Release|ARM64
		{19476B23-DA84-4003-A105-15460CBBA94E}.Release|ARM64.Build.0 = Release|ARM64
		{19476B23-DA84-4003-A105-15460CBBA94E}.Release|ARM64.Deploy.0 = Release|ARM64
		{19476B23-DA84-4003-A105-15460CBBA94E}.Release|x64.ActiveCfg = Release|x64
		{19476B23-DA84-4003-A105-15460CBBA94E}.Release|x64.Build.0 = Release|x64
		{19476B23-DA84-4003-A105-15460CBBA94E}.Release|x64.Deploy.0 = Release|x64
		{19476B23-DA84-4003-A105-15460CBBA94E}.Release|x86.ActiveCfg = Release|x86
		{19476B23-DA84-4003-A105-15460CBBA94E}.Release|x86.Build.0 = Release|x86
		{19476B23-DA84-4003-A105-15460CBBA94E}.Release|x86.Deploy.0 = Release|x86
	EndGlobalSection
	GlobalSection(SolutionProperties) = preSolution
		HideSolutionNode = FALSE
	EndGlobalSection
	GlobalSection(ExtensibilityGlobals) = postSolution
		SolutionGuid = {37A09432-47AE-433A-BA1A-CE51AB843888}
	EndGlobalSection
EndGlobal
